
Microsoft Visual Studio Solution File, Format Version 12.00
# Visual Studio 15
Project("{FAE04EC0-301F-11D3-BF4B-00C04F79EFBC}") = "Assembly-CSharp", "Assembly-CSharp.csproj", "{5A7BC730-D231-11CE-EF0B-99071588B936}"
EndProject
Project("{FAE04EC0-301F-11D3-BF4B-00C04F79EFBC}") = "MToon", "MToon.csproj", "{E7891891-B877-A297-669E-467F76ED294A}"
EndProject
Project("{FAE04EC0-301F-11D3-BF4B-00C04F79EFBC}") = "VRMShaders.VRM10.MToon10.Runtime", "VRMShaders.VRM10.MToon10.Runtime.csproj", "{CB90E41E-FE01-4FBA-2CB8-0289CD8D53EA}"
EndProject
Project("{FAE04EC0-301F-11D3-BF4B-00C04F79EFBC}") = "Assembly-CSharp-firstpass", "Assembly-CSharp-firstpass.csproj", "{315DB95E-85E4-135C-9503-BF05ADCDE87E}"
EndProject
Project("{FAE04EC0-301F-11D3-BF4B-00C04F79EFBC}") = "VRMShaders.GLTF.UniUnlit.Runtime", "VRMShaders.GLTF.UniUnlit.Runtime.csproj", "{D4320BC3-8100-2D3E-E91A-3C1215238A0D}"
EndProject
Project("{FAE04EC0-301F-11D3-BF4B-00C04F79EFBC}") = "VRMShaders.GLTF.IO.Editor", "VRMShaders.GLTF.IO.Editor.csproj", "{D1FCF743-D542-D379-B787-3700A2FFD46A}"
EndProject
Project("{FAE04EC0-301F-11D3-BF4B-00C04F79EFBC}") = "VRMShaders.GLTF.IO.Runtime", "VRMShaders.GLTF.IO.Runtime.csproj", "{D8C49245-3472-D8BE-B560-256F326FF161}"
EndProject
Project("{FAE04EC0-301F-11D3-BF4B-00C04F79EFBC}") = "Assembly-CSharp-Editor", "Assembly-CSharp-Editor.csproj", "{5E7D8080-2C56-7E0D-F3EC-B82F49478EA1}"
EndProject
Project("{FAE04EC0-301F-11D3-BF4B-00C04F79EFBC}") = "VRMShaders.VRM.IO.Runtime", "VRMShaders.VRM.IO.Runtime.csproj", "{F39D4623-6A98-2D5F-DDEB-1C13CEE5002A}"
EndProject
Project("{FAE04EC0-301F-11D3-BF4B-00C04F79EFBC}") = "VRMShaders.VRM10.MToon10.Editor", "VRMShaders.VRM10.MToon10.Editor.csproj", "{D0BB95A2-2B6C-2218-8CDD-4995D9FA2889}"
EndProject
Project("{FAE04EC0-301F-11D3-BF4B-00C04F79EFBC}") = "MToon.Editor", "MToon.Editor.csproj", "{220A290D-3A44-EB7B-1CCD-9FBAEE426E6A}"
EndProject
Project("{FAE04EC0-301F-11D3-BF4B-00C04F79EFBC}") = "VRMShaders.GLTF.IO.Tests", "VRMShaders.GLTF.IO.Tests.csproj", "{08B7EC28-04E4-A5EB-50E8-E7E65CBEF26B}"
EndProject
Project("{FAE04EC0-301F-11D3-BF4B-00C04F79EFBC}") = "VRMShaders.VRM.IO.Editor", "VRMShaders.VRM.IO.Editor.csproj", "{EE101E78-FF9B-16BD-2174-6186A032635E}"
EndProject
Project("{FAE04EC0-301F-11D3-BF4B-00C04F79EFBC}") = "VRMShaders.GLTF.UniUnlit.Editor", "VRMShaders.GLTF.UniUnlit.Editor.csproj", "{66DB7AB2-E686-722E-A27E-055382AA6185}"
EndProject
Project("{FAE04EC0-301F-11D3-BF4B-00C04F79EFBC}") = "VRMShaders.VRM10.Format.Runtime", "VRMShaders.VRM10.Format.Runtime.csproj", "{7AD998E8-C9F6-B4A5-0AF2-12C290472F27}"
EndProject
Project("{FAE04EC0-301F-11D3-BF4B-00C04F79EFBC}") = "VRMShaders.VRM10.MToon10.Tests", "VRMShaders.VRM10.MToon10.Tests.csproj", "{A491CE0F-1F31-1207-9D4C-8C2E47AD0ADD}"
EndProject
Global
	GlobalSection(SolutionConfigurationPlatforms) = preSolution
		Debug|Any CPU = Debug|Any CPU
		Release|Any CPU = Release|Any CPU
	EndGlobalSection
	GlobalSection(ProjectConfigurationPlatforms) = postSolution
		{5A7BC730-D231-11CE-EF0B-99071588B936}.Debug|Any CPU.ActiveCfg = Debug|Any CPU
		{5A7BC730-D231-11CE-EF0B-99071588B936}.Debug|Any CPU.Build.0 = Debug|Any CPU
		{5A7BC730-D231-11CE-EF0B-99071588B936}.Release|Any CPU.ActiveCfg = Release|Any CPU
		{5A7BC730-D231-11CE-EF0B-99071588B936}.Release|Any CPU.Build.0 = Release|Any CPU
		{E7891891-B877-A297-669E-467F76ED294A}.Debug|Any CPU.ActiveCfg = Debug|Any CPU
		{E7891891-B877-A297-669E-467F76ED294A}.Debug|Any CPU.Build.0 = Debug|Any CPU
		{E7891891-B877-A297-669E-467F76ED294A}.Release|Any CPU.ActiveCfg = Release|Any CPU
		{E7891891-B877-A297-669E-467F76ED294A}.Release|Any CPU.Build.0 = Release|Any CPU
		{CB90E41E-FE01-4FBA-2CB8-0289CD8D53EA}.Debug|Any CPU.ActiveCfg = Debug|Any CPU
		{CB90E41E-FE01-4FBA-2CB8-0289CD8D53EA}.Debug|Any CPU.Build.0 = Debug|Any CPU
		{CB90E41E-FE01-4FBA-2CB8-0289CD8D53EA}.Release|Any CPU.ActiveCfg = Release|Any CPU
		{CB90E41E-FE01-4FBA-2CB8-0289CD8D53EA}.Release|Any CPU.Build.0 = Release|Any CPU
		{315DB95E-85E4-135C-9503-BF05ADCDE87E}.Debug|Any CPU.ActiveCfg = Debug|Any CPU
		{315DB95E-85E4-135C-9503-BF05ADCDE87E}.Debug|Any CPU.Build.0 = Debug|Any CPU
		{315DB95E-85E4-135C-9503-BF05ADCDE87E}.Release|Any CPU.ActiveCfg = Release|Any CPU
		{315DB95E-85E4-135C-9503-BF05ADCDE87E}.Release|Any CPU.Build.0 = Release|Any CPU
		{D4320BC3-8100-2D3E-E91A-3C1215238A0D}.Debug|Any CPU.ActiveCfg = Debug|Any CPU
		{D4320BC3-8100-2D3E-E91A-3C1215238A0D}.Debug|Any CPU.Build.0 = Debug|Any CPU
		{D4320BC3-8100-2D3E-E91A-3C1215238A0D}.Release|Any CPU.ActiveCfg = Release|Any CPU
		{D4320BC3-8100-2D3E-E91A-3C1215238A0D}.Release|Any CPU.Build.0 = Release|Any CPU
		{D1FCF743-D542-D379-B787-3700A2FFD46A}.Debug|Any CPU.ActiveCfg = Debug|Any CPU
		{D1FCF743-D542-D379-B787-3700A2FFD46A}.Debug|Any CPU.Build.0 = Debug|Any CPU
		{D1FCF743-D542-D379-B787-3700A2FFD46A}.Release|Any CPU.ActiveCfg = Release|Any CPU
		{D1FCF743-D542-D379-B787-3700A2FFD46A}.Release|Any CPU.Build.0 = Release|Any CPU
		{D8C49245-3472-D8BE-B560-256F326FF161}.Debug|Any CPU.ActiveCfg = Debug|Any CPU
		{D8C49245-3472-D8BE-B560-256F326FF161}.Debug|Any CPU.Build.0 = Debug|Any CPU
		{D8C49245-3472-D8BE-B560-256F326FF161}.Release|Any CPU.ActiveCfg = Release|Any CPU
		{D8C49245-3472-D8BE-B560-256F326FF161}.Release|Any CPU.Build.0 = Release|Any CPU
		{5E7D8080-2C56-7E0D-F3EC-B82F49478EA1}.Debug|Any CPU.ActiveCfg = Debug|Any CPU
		{5E7D8080-2C56-7E0D-F3EC-B82F49478EA1}.Debug|Any CPU.Build.0 = Debug|Any CPU
		{5E7D8080-2C56-7E0D-F3EC-B82F49478EA1}.Release|Any CPU.ActiveCfg = Release|Any CPU
		{5E7D8080-2C56-7E0D-F3EC-B82F49478EA1}.Release|Any CPU.Build.0 = Release|Any CPU
		{F39D4623-6A98-2D5F-DDEB-1C13CEE5002A}.Debug|Any CPU.ActiveCfg = Debug|Any CPU
		{F39D4623-6A98-2D5F-DDEB-1C13CEE5002A}.Debug|Any CPU.Build.0 = Debug|Any CPU
		{F39D4623-6A98-2D5F-DDEB-1C13CEE5002A}.Release|Any CPU.ActiveCfg = Release|Any CPU
		{F39D4623-6A98-2D5F-DDEB-1C13CEE5002A}.Release|Any CPU.Build.0 = Release|Any CPU
		{D0BB95A2-2B6C-2218-8CDD-4995D9FA2889}.Debug|Any CPU.ActiveCfg = Debug|Any CPU
		{D0BB95A2-2B6C-2218-8CDD-4995D9FA2889}.Debug|Any CPU.Build.0 = Debug|Any CPU
		{D0BB95A2-2B6C-2218-8CDD-4995D9FA2889}.Release|Any CPU.ActiveCfg = Release|Any CPU
		{D0BB95A2-2B6C-2218-8CDD-4995D9FA2889}.Release|Any CPU.Build.0 = Release|Any CPU
		{220A290D-3A44-EB7B-1CCD-9FBAEE426E6A}.Debug|Any CPU.ActiveCfg = Debug|Any CPU
		{220A290D-3A44-EB7B-1CCD-9FBAEE426E6A}.Debug|Any CPU.Build.0 = Debug|Any CPU
		{220A290D-3A44-EB7B-1CCD-9FBAEE426E6A}.Release|Any CPU.ActiveCfg = Release|Any CPU
		{220A290D-3A44-EB7B-1CCD-9FBAEE426E6A}.Release|Any CPU.Build.0 = Release|Any CPU
		{08B7EC28-04E4-A5EB-50E8-E7E65CBEF26B}.Debug|Any CPU.ActiveCfg = Debug|Any CPU
		{08B7EC28-04E4-A5EB-50E8-E7E65CBEF26B}.Debug|Any CPU.Build.0 = Debug|Any CPU
		{08B7EC28-04E4-A5EB-50E8-E7E65CBEF26B}.Release|Any CPU.ActiveCfg = Release|Any CPU
		{08B7EC28-04E4-A5EB-50E8-E7E65CBEF26B}.Release|Any CPU.Build.0 = Release|Any CPU
		{EE101E78-FF9B-16BD-2174-6186A032635E}.Debug|Any CPU.ActiveCfg = Debug|Any CPU
		{EE101E78-FF9B-16BD-2174-6186A032635E}.Debug|Any CPU.Build.0 = Debug|Any CPU
		{EE101E78-FF9B-16BD-2174-6186A032635E}.Release|Any CPU.ActiveCfg = Release|Any CPU
		{EE101E78-FF9B-16BD-2174-6186A032635E}.Release|Any CPU.Build.0 = Release|Any CPU
		{66DB7AB2-E686-722E-A27E-055382AA6185}.Debug|Any CPU.ActiveCfg = Debug|Any CPU
		{66DB7AB2-E686-722E-A27E-055382AA6185}.Debug|Any CPU.Build.0 = Debug|Any CPU
		{66DB7AB2-E686-722E-A27E-055382AA6185}.Release|Any CPU.ActiveCfg = Release|Any CPU
		{66DB7AB2-E686-722E-A27E-055382AA6185}.Release|Any CPU.Build.0 = Release|Any CPU
		{7AD998E8-C9F6-B4A5-0AF2-12C290472F27}.Debug|Any CPU.ActiveCfg = Debug|Any CPU
		{7AD998E8-C9F6-B4A5-0AF2-12C290472F27}.Debug|Any CPU.Build.0 = Debug|Any CPU
		{7AD998E8-C9F6-B4A5-0AF2-12C290472F27}.Release|Any CPU.ActiveCfg = Release|Any CPU
		{7AD998E8-C9F6-B4A5-0AF2-12C290472F27}.Release|Any CPU.Build.0 = Release|Any CPU
		{A491CE0F-1F31-1207-9D4C-8C2E47AD0ADD}.Debug|Any CPU.ActiveCfg = Debug|Any CPU
		{A491CE0F-1F31-1207-9D4C-8C2E47AD0ADD}.Debug|Any CPU.Build.0 = Debug|Any CPU
		{A491CE0F-1F31-1207-9D4C-8C2E47AD0ADD}.Release|Any CPU.ActiveCfg = Release|Any CPU
		{A491CE0F-1F31-1207-9D4C-8C2E47AD0ADD}.Release|Any CPU.Build.0 = Release|Any CPU
	EndGlobalSection
	GlobalSection(SolutionProperties) = preSolution
		HideSolutionNode = FALSE
	EndGlobalSection
EndGlobal
